// !$*UTF8*$!
{
	archiveVersion = 1;
	classes = {
	};
	objectVersion = 46;
	objects = {

/* Begin PBXBuildFile section */
		3FF33528D0EF6DCC705C40BA /* NSDate+StringFormatter.m in Sources */ = {isa = PBXBuildFile; fileRef = 3FF33C033644EADBE3F3B68C /* NSDate+StringFormatter.m */; };
		3FF336C3420710731128ACA8 /* TasksSaver.m in Sources */ = {isa = PBXBuildFile; fileRef = 3FF336355490372398D709C8 /* TasksSaver.m */; };
		3FF337D68DEC2F3F03A53983 /* TasksLoader.m in Sources */ = {isa = PBXBuildFile; fileRef = 3FF33C3D7BCCCF80C92E98D2 /* TasksLoader.m */; };
		3FF33AB05A211314B177BDD8 /* TasksPageViewController.m in Sources */ = {isa = PBXBuildFile; fileRef = 3FF33821A24D0FF611594879 /* TasksPageViewController.m */; };
		3FF33B273E34382C9E808DED /* StatisticsViewController.m in Sources */ = {isa = PBXBuildFile; fileRef = 3FF33B465DAE51BFA9116F50 /* StatisticsViewController.m */; };
		3FF33CDA22FA0EE0397A46AD /* TasksTableView.m in Sources */ = {isa = PBXBuildFile; fileRef = 3FF3383ABA20153B7E6B0D12 /* TasksTableView.m */; };
		5C22306C7386D1FEFD6FDBD3 /* FileChecker.m in Sources */ = {isa = PBXBuildFile; fileRef = 5C223F3E175407DE261AFD01 /* FileChecker.m */; };
		5C22313A4E0180B24D36D130 /* EverydayTests.m in Sources */ = {isa = PBXBuildFile; fileRef = 5C223AB6E3BE97262E85855C /* EverydayTests.m */; };
		5C22322C2F650157A4B82A02 /* TasksDataSource.m in Sources */ = {isa = PBXBuildFile; fileRef = 5C223749B8AE24CFB3AB4DB2 /* TasksDataSource.m */; };
		5C2233B253FC3E60236C6194 /* Images.xcassets in Resources */ = {isa = PBXBuildFile; fileRef = 5C22329EA36F81A492BC4D43 /* Images.xcassets */; };
		5C2235AF71B6B5E41552454B /* TasksOrganizerViewController.m in Sources */ = {isa = PBXBuildFile; fileRef = 5C223AA3E4A524E406F56565 /* TasksOrganizerViewController.m */; };
		5C2235F4513F23CCF1939FC2 /* DataSwiperView.m in Sources */ = {isa = PBXBuildFile; fileRef = 5C223107B677172789367380 /* DataSwiperView.m */; };
		5C22398CE30FEA1EA5274EFF /* TasksTableViewDataSource.m in Sources */ = {isa = PBXBuildFile; fileRef = 5C2234D6E7EDBEA151BE9722 /* TasksTableViewDataSource.m */; };
		5C223A2DAE23DBE0D0CEF32E /* Task.m in Sources */ = {isa = PBXBuildFile; fileRef = 5C2233F2275B717A8E892715 /* Task.m */; };
		5C223B8C5647885DD4D52CDB /* LaunchScreen.xib in Resources */ = {isa = PBXBuildFile; fileRef = 5C2234FC77C14AA77EFDA9B5 /* LaunchScreen.xib */; };
		5C223BB48E39CCC81278073E /* main.m in Sources */ = {isa = PBXBuildFile; fileRef = 5C223E5A16EDBC7699676DB4 /* main.m */; };
		5C223CBA5F64B9DE3E827E27 /* TasksViewController.m in Sources */ = {isa = PBXBuildFile; fileRef = 5C2238B0EE541D4E4DAD93BA /* TasksViewController.m */; };
		5C223E68A02FC0F34ACAF590 /* AppDelegate.m in Sources */ = {isa = PBXBuildFile; fileRef = 5C223B280D1E35B246F45672 /* AppDelegate.m */; };
		5C223FCB1B74161C94078801 /* TasksOrganizerTableViewDataSource.m in Sources */ = {isa = PBXBuildFile; fileRef = 5C223333C0A9A8135135E1D0 /* TasksOrganizerTableViewDataSource.m */; };
		A622870329842B8CD1C94B38 /* libPods.a in Frameworks */ = {isa = PBXBuildFile; fileRef = FCD1A4C5F010C07F13D29651 /* libPods.a */; };
/* End PBXBuildFile section */

/* Begin PBXContainerItemProxy section */
		5C223843871F9FFDB0D4885F /* PBXContainerItemProxy */ = {
			isa = PBXContainerItemProxy;
			containerPortal = 5C223DCEE389FACBC081952A /* Project object */;
			proxyType = 1;
			remoteGlobalIDString = 5C223B0F1F224D8324759D86;
			remoteInfo = Everyday;
		};
/* End PBXContainerItemProxy section */

/* Begin PBXFileReference section */
		05184D36192553B0F54C09AA /* Pods.release.xcconfig */ = {isa = PBXFileReference; includeInIndex = 1; lastKnownFileType = text.xcconfig; name = Pods.release.xcconfig; path = "Pods/Target Support Files/Pods/Pods.release.xcconfig"; sourceTree = "<group>"; };
		3FF334429A25A89531ECA8C6 /* StatisticsViewController.h */ = {isa = PBXFileReference; fileEncoding = 4; lastKnownFileType = sourcecode.c.h; path = StatisticsViewController.h; sourceTree = "<group>"; };
		3FF3353ACF6E8FB13BE2A402 /* TasksSaver.h */ = {isa = PBXFileReference; fileEncoding = 4; lastKnownFileType = sourcecode.c.h; path = TasksSaver.h; sourceTree = "<group>"; };
		3FF336355490372398D709C8 /* TasksSaver.m */ = {isa = PBXFileReference; fileEncoding = 4; lastKnownFileType = sourcecode.c.objc; path = TasksSaver.m; sourceTree = "<group>"; };
		3FF33655C994FC36AF77F74B /* NSDate+StringFormatter.h */ = {isa = PBXFileReference; fileEncoding = 4; lastKnownFileType = sourcecode.c.h; path = "NSDate+StringFormatter.h"; sourceTree = "<group>"; };
		3FF33821A24D0FF611594879 /* TasksPageViewController.m */ = {isa = PBXFileReference; fileEncoding = 4; lastKnownFileType = sourcecode.c.objc; path = TasksPageViewController.m; sourceTree = "<group>"; };
		3FF3383ABA20153B7E6B0D12 /* TasksTableView.m */ = {isa = PBXFileReference; fileEncoding = 4; lastKnownFileType = sourcecode.c.objc; path = TasksTableView.m; sourceTree = "<group>"; };
		3FF338C7D5F71B5B7A455103 /* TasksTableView.h */ = {isa = PBXFileReference; fileEncoding = 4; lastKnownFileType = sourcecode.c.h; path = TasksTableView.h; sourceTree = "<group>"; };
		3FF339AF20EC3B5F6D549EF7 /* TasksPageViewController.h */ = {isa = PBXFileReference; fileEncoding = 4; lastKnownFileType = sourcecode.c.h; path = TasksPageViewController.h; sourceTree = "<group>"; };
		3FF33A01D3A4460D5D8070F3 /* TasksLoader.h */ = {isa = PBXFileReference; fileEncoding = 4; lastKnownFileType = sourcecode.c.h; path = TasksLoader.h; sourceTree = "<group>"; };
		3FF33B465DAE51BFA9116F50 /* StatisticsViewController.m */ = {isa = PBXFileReference; fileEncoding = 4; lastKnownFileType = sourcecode.c.objc; path = StatisticsViewController.m; sourceTree = "<group>"; };
		3FF33C033644EADBE3F3B68C /* NSDate+StringFormatter.m */ = {isa = PBXFileReference; fileEncoding = 4; lastKnownFileType = sourcecode.c.objc; path = "NSDate+StringFormatter.m"; sourceTree = "<group>"; };
		3FF33C3D7BCCCF80C92E98D2 /* TasksLoader.m */ = {isa = PBXFileReference; fileEncoding = 4; lastKnownFileType = sourcecode.c.objc; path = TasksLoader.m; sourceTree = "<group>"; };
		3FF33E834D45FF794F3ED4DD /* TasksTableViewDataSourceProtocol.h */ = {isa = PBXFileReference; fileEncoding = 4; lastKnownFileType = sourcecode.c.h; path = TasksTableViewDataSourceProtocol.h; sourceTree = "<group>"; };
		5C223031F7D796B09774A022 /* FileChecker.h */ = {isa = PBXFileReference; fileEncoding = 4; lastKnownFileType = sourcecode.c.h; path = FileChecker.h; sourceTree = "<group>"; };
		5C223107B677172789367380 /* DataSwiperView.m */ = {isa = PBXFileReference; fileEncoding = 4; lastKnownFileType = sourcecode.c.objc; path = DataSwiperView.m; sourceTree = "<group>"; };
		5C2231670C0989875E8F23AE /* TasksViewController.h */ = {isa = PBXFileReference; fileEncoding = 4; lastKnownFileType = sourcecode.c.h; path = TasksViewController.h; sourceTree = "<group>"; };
		5C2231C3D95FFC9C17F1090F /* Info.plist */ = {isa = PBXFileReference; lastKnownFileType = text.plist.info; path = Info.plist; sourceTree = "<group>"; };
		5C2231CA014242004A968150 /* DataSwiperView.h */ = {isa = PBXFileReference; fileEncoding = 4; lastKnownFileType = sourcecode.c.h; path = DataSwiperView.h; sourceTree = "<group>"; };
		5C2231CEF02ABC08686CEBFF /* TasksOrganizerViewController.h */ = {isa = PBXFileReference; fileEncoding = 4; lastKnownFileType = sourcecode.c.h; path = TasksOrganizerViewController.h; sourceTree = "<group>"; };
		5C22329EA36F81A492BC4D43 /* Images.xcassets */ = {isa = PBXFileReference; lastKnownFileType = folder.assetcatalog; path = Images.xcassets; sourceTree = "<group>"; };
		5C223333C0A9A8135135E1D0 /* TasksOrganizerTableViewDataSource.m */ = {isa = PBXFileReference; fileEncoding = 4; lastKnownFileType = sourcecode.c.objc; path = TasksOrganizerTableViewDataSource.m; sourceTree = "<group>"; };
		5C2233901EA0F3B0BBFAC642 /* AppDelegate.h */ = {isa = PBXFileReference; lastKnownFileType = sourcecode.c.h; path = AppDelegate.h; sourceTree = "<group>"; };
		5C2233F2275B717A8E892715 /* Task.m */ = {isa = PBXFileReference; fileEncoding = 4; lastKnownFileType = sourcecode.c.objc; path = Task.m; sourceTree = "<group>"; };
		5C2234D6E7EDBEA151BE9722 /* TasksTableViewDataSource.m */ = {isa = PBXFileReference; fileEncoding = 4; lastKnownFileType = sourcecode.c.objc; path = TasksTableViewDataSource.m; sourceTree = "<group>"; };
		5C223749B8AE24CFB3AB4DB2 /* TasksDataSource.m */ = {isa = PBXFileReference; fileEncoding = 4; lastKnownFileType = sourcecode.c.objc; path = TasksDataSource.m; sourceTree = "<group>"; };
		5C2238B0EE541D4E4DAD93BA /* TasksViewController.m */ = {isa = PBXFileReference; fileEncoding = 4; lastKnownFileType = sourcecode.c.objc; path = TasksViewController.m; sourceTree = "<group>"; };
		5C2238B20276594CAA5BA456 /* TasksOrganizerTableViewDataSource.h */ = {isa = PBXFileReference; fileEncoding = 4; lastKnownFileType = sourcecode.c.h; path = TasksOrganizerTableViewDataSource.h; sourceTree = "<group>"; };
		5C223AA3E4A524E406F56565 /* TasksOrganizerViewController.m */ = {isa = PBXFileReference; fileEncoding = 4; lastKnownFileType = sourcecode.c.objc; path = TasksOrganizerViewController.m; sourceTree = "<group>"; };
		5C223AB6E3BE97262E85855C /* EverydayTests.m */ = {isa = PBXFileReference; lastKnownFileType = sourcecode.c.objc; path = EverydayTests.m; sourceTree = "<group>"; };
		5C223B280D1E35B246F45672 /* AppDelegate.m */ = {isa = PBXFileReference; lastKnownFileType = sourcecode.c.objc; path = AppDelegate.m; sourceTree = "<group>"; };
		5C223C782E3BD9E92631D82E /* Everyday.app */ = {isa = PBXFileReference; explicitFileType = wrapper.application; includeInIndex = 0; path = Everyday.app; sourceTree = BUILT_PRODUCTS_DIR; };
		5C223C84562DAC2ECD55EB74 /* Info.plist */ = {isa = PBXFileReference; lastKnownFileType = text.plist.info; path = Info.plist; sourceTree = "<group>"; };
		5C223D51C3B8DD518AE79B3C /* TasksDataSource.h */ = {isa = PBXFileReference; fileEncoding = 4; lastKnownFileType = sourcecode.c.h; path = TasksDataSource.h; sourceTree = "<group>"; };
		5C223D5213858B1BCD1F409F /* TasksTableViewDataSource.h */ = {isa = PBXFileReference; fileEncoding = 4; lastKnownFileType = sourcecode.c.h; path = TasksTableViewDataSource.h; sourceTree = "<group>"; };
		5C223DDDE029AB5A370E5A20 /* Base */ = {isa = PBXFileReference; lastKnownFileType = file.xib; name = Base; path = Base.lproj/LaunchScreen.xib; sourceTree = "<group>"; };
		5C223E5A16EDBC7699676DB4 /* main.m */ = {isa = PBXFileReference; lastKnownFileType = sourcecode.c.objc; path = main.m; sourceTree = "<group>"; };
		5C223F0E05306B53F725C7FE /* EverydayTests.xctest */ = {isa = PBXFileReference; explicitFileType = wrapper.cfbundle; includeInIndex = 0; path = EverydayTests.xctest; sourceTree = BUILT_PRODUCTS_DIR; };
		5C223F3E175407DE261AFD01 /* FileChecker.m */ = {isa = PBXFileReference; fileEncoding = 4; lastKnownFileType = sourcecode.c.objc; path = FileChecker.m; sourceTree = "<group>"; };
		5C223F59AB1115B48C87BE42 /* Task.h */ = {isa = PBXFileReference; fileEncoding = 4; lastKnownFileType = sourcecode.c.h; path = Task.h; sourceTree = "<group>"; };
		DAC557CF7C4576A6B4C16DAD /* Pods.debug.xcconfig */ = {isa = PBXFileReference; includeInIndex = 1; lastKnownFileType = text.xcconfig; name = Pods.debug.xcconfig; path = "Pods/Target Support Files/Pods/Pods.debug.xcconfig"; sourceTree = "<group>"; };
		FCD1A4C5F010C07F13D29651 /* libPods.a */ = {isa = PBXFileReference; explicitFileType = archive.ar; includeInIndex = 0; path = libPods.a; sourceTree = BUILT_PRODUCTS_DIR; };
/* End PBXFileReference section */

/* Begin PBXFrameworksBuildPhase section */
		5C2237CE7AC12507C4B13116 /* Frameworks */ = {
			isa = PBXFrameworksBuildPhase;
			buildActionMask = 2147483647;
			files = (
				A622870329842B8CD1C94B38 /* libPods.a in Frameworks */,
			);
			runOnlyForDeploymentPostprocessing = 0;
		};
		5C223D565958D1B82E713B94 /* Frameworks */ = {
			isa = PBXFrameworksBuildPhase;
			buildActionMask = 2147483647;
			files = (
			);
			runOnlyForDeploymentPostprocessing = 0;
		};
/* End PBXFrameworksBuildPhase section */

/* Begin PBXGroup section */
		3FF33369BAD7374235141F3C /* Resources */ = {
			isa = PBXGroup;
			children = (
			);
			path = Resources;
			sourceTree = "<group>";
		};
		3FF3358C3EFA1A43DC263993 /* TasksUtils */ = {
			isa = PBXGroup;
			children = (
				3FF336355490372398D709C8 /* TasksSaver.m */,
				3FF3353ACF6E8FB13BE2A402 /* TasksSaver.h */,
				3FF33C3D7BCCCF80C92E98D2 /* TasksLoader.m */,
				3FF33A01D3A4460D5D8070F3 /* TasksLoader.h */,
			);
			path = TasksUtils;
			sourceTree = "<group>";
		};
		3FF33B730DF59600CCFC3BCF /* TasksStatistics */ = {
			isa = PBXGroup;
			children = (
				3FF33B465DAE51BFA9116F50 /* StatisticsViewController.m */,
				3FF334429A25A89531ECA8C6 /* StatisticsViewController.h */,
			);
			path = TasksStatistics;
			sourceTree = "<group>";
		};
		3FF33F1070401AB9AAAE3D0C /* Protocols */ = {
			isa = PBXGroup;
			children = (
				3FF33E834D45FF794F3ED4DD /* TasksTableViewDataSourceProtocol.h */,
			);
			path = Protocols;
			sourceTree = "<group>";
		};
		5C2231F11F47D1F8FEA1F797 /* Products */ = {
			isa = PBXGroup;
			children = (
				5C223C782E3BD9E92631D82E /* Everyday.app */,
				5C223F0E05306B53F725C7FE /* EverydayTests.xctest */,
			);
			name = Products;
			sourceTree = "<group>";
		};
		5C22354EF7513DD6CB51D071 /* Supporting Files */ = {
			isa = PBXGroup;
			children = (
				5C2231C3D95FFC9C17F1090F /* Info.plist */,
				5C223E5A16EDBC7699676DB4 /* main.m */,
			);
			name = "Supporting Files";
			sourceTree = "<group>";
		};
		5C2235F4D264F6BC13E3C80B /* Everyday */ = {
			isa = PBXGroup;
			children = (
				5C22354EF7513DD6CB51D071 /* Supporting Files */,
				5C22329EA36F81A492BC4D43 /* Images.xcassets */,
				5C2233901EA0F3B0BBFAC642 /* AppDelegate.h */,
				5C223B280D1E35B246F45672 /* AppDelegate.m */,
				5C223DB769BD0050CBAACDED /* TasksTicker */,
				5C2234FC77C14AA77EFDA9B5 /* LaunchScreen.xib */,
				5C2239D2334EFF13D90A9261 /* TasksOrganizer */,
				5C223F4F458DD77ECD19A491 /* Utils */,
				5C223F1E0732FA57D9EBBFA8 /* DataSources */,
				3FF33821A24D0FF611594879 /* TasksPageViewController.m */,
				3FF339AF20EC3B5F6D549EF7 /* TasksPageViewController.h */,
				3FF33369BAD7374235141F3C /* Resources */,
				3FF33F1070401AB9AAAE3D0C /* Protocols */,
				3FF33B730DF59600CCFC3BCF /* TasksStatistics */,
			);
			path = Everyday;
			sourceTree = "<group>";
		};
		5C2239A5661FE326B7946260 /* EverydayTests */ = {
			isa = PBXGroup;
			children = (
				5C2239A6DC4D0A1E49EA0AD5 /* Supporting Files */,
				5C223AB6E3BE97262E85855C /* EverydayTests.m */,
			);
			path = EverydayTests;
			sourceTree = "<group>";
		};
		5C2239A6DC4D0A1E49EA0AD5 /* Supporting Files */ = {
			isa = PBXGroup;
			children = (
				5C223C84562DAC2ECD55EB74 /* Info.plist */,
			);
			name = "Supporting Files";
			sourceTree = "<group>";
		};
		5C2239D2334EFF13D90A9261 /* TasksOrganizer */ = {
			isa = PBXGroup;
			children = (
				5C223AA3E4A524E406F56565 /* TasksOrganizerViewController.m */,
				5C2231CEF02ABC08686CEBFF /* TasksOrganizerViewController.h */,
				5C223333C0A9A8135135E1D0 /* TasksOrganizerTableViewDataSource.m */,
				5C2238B20276594CAA5BA456 /* TasksOrganizerTableViewDataSource.h */,
			);
			path = TasksOrganizer;
			sourceTree = "<group>";
		};
		5C223B41BE1A8493062B4A35 = {
			isa = PBXGroup;
			children = (
				5C2231F11F47D1F8FEA1F797 /* Products */,
				5C2235F4D264F6BC13E3C80B /* Everyday */,
				5C2239A5661FE326B7946260 /* EverydayTests */,
				73E946D263C2D29D1D0E27EF /* Pods */,
				B25D582D0F9021DC0B2C856A /* Frameworks */,
			);
			sourceTree = "<group>";
		};
		5C223DB769BD0050CBAACDED /* TasksTicker */ = {
			isa = PBXGroup;
			children = (
				5C2231670C0989875E8F23AE /* TasksViewController.h */,
				5C2238B0EE541D4E4DAD93BA /* TasksViewController.m */,
				5C2234D6E7EDBEA151BE9722 /* TasksTableViewDataSource.m */,
				5C223D5213858B1BCD1F409F /* TasksTableViewDataSource.h */,
			);
			path = TasksTicker;
			sourceTree = "<group>";
		};
		5C223F1E0732FA57D9EBBFA8 /* DataSources */ = {
			isa = PBXGroup;
			children = (
				5C223749B8AE24CFB3AB4DB2 /* TasksDataSource.m */,
				5C223D51C3B8DD518AE79B3C /* TasksDataSource.h */,
			);
			path = DataSources;
			sourceTree = "<group>";
		};
		5C223F4F458DD77ECD19A491 /* Utils */ = {
			isa = PBXGroup;
			children = (
				5C2233F2275B717A8E892715 /* Task.m */,
				5C223F59AB1115B48C87BE42 /* Task.h */,
				5C223107B677172789367380 /* DataSwiperView.m */,
				5C2231CA014242004A968150 /* DataSwiperView.h */,
				5C223F3E175407DE261AFD01 /* FileChecker.m */,
				5C223031F7D796B09774A022 /* FileChecker.h */,
				3FF3383ABA20153B7E6B0D12 /* TasksTableView.m */,
				3FF338C7D5F71B5B7A455103 /* TasksTableView.h */,
				3FF3358C3EFA1A43DC263993 /* TasksUtils */,
				3FF33C033644EADBE3F3B68C /* NSDate+StringFormatter.m */,
				3FF33655C994FC36AF77F74B /* NSDate+StringFormatter.h */,
			);
			path = Utils;
			sourceTree = "<group>";
		};
		73E946D263C2D29D1D0E27EF /* Pods */ = {
			isa = PBXGroup;
			children = (
				DAC557CF7C4576A6B4C16DAD /* Pods.debug.xcconfig */,
				05184D36192553B0F54C09AA /* Pods.release.xcconfig */,
			);
			name = Pods;
			sourceTree = "<group>";
		};
		B25D582D0F9021DC0B2C856A /* Frameworks */ = {
			isa = PBXGroup;
			children = (
				FCD1A4C5F010C07F13D29651 /* libPods.a */,
			);
			name = Frameworks;
			sourceTree = "<group>";
		};
/* End PBXGroup section */

/* Begin PBXNativeTarget section */
		5C223691EC716656F8FB1638 /* EverydayTests */ = {
			isa = PBXNativeTarget;
			buildConfigurationList = 5C2239A46362CA238053607F /* Build configuration list for PBXNativeTarget "EverydayTests" */;
			buildPhases = (
				5C22388C871F1A064FE4F0FE /* Sources */,
				5C223D565958D1B82E713B94 /* Frameworks */,
				5C223F6A85FA1010FFE02B0D /* Resources */,
			);
			buildRules = (
			);
			dependencies = (
				5C223C353FC9F51862534302 /* PBXTargetDependency */,
			);
			name = EverydayTests;
			productName = EverydayTests;
			productReference = 5C223F0E05306B53F725C7FE /* EverydayTests.xctest */;
			productType = "com.apple.product-type.bundle.unit-test";
		};
		5C223B0F1F224D8324759D86 /* Everyday */ = {
			isa = PBXNativeTarget;
			buildConfigurationList = 5C22396B2600776130DBE60D /* Build configuration list for PBXNativeTarget "Everyday" */;
			buildPhases = (
				EB2B5A01578A4672CB9B392B /* Check Pods Manifest.lock */,
				5C2233912873D2F4AD6CB02A /* Sources */,
				5C2237CE7AC12507C4B13116 /* Frameworks */,
				5C223CCEBF55BA37216CA4A7 /* Resources */,
				C8B13BD93F981769758BF3AC /* Copy Pods Resources */,
			);
			buildRules = (
			);
			dependencies = (
			);
			name = Everyday;
			productName = Everyday;
			productReference = 5C223C782E3BD9E92631D82E /* Everyday.app */;
			productType = "com.apple.product-type.application";
		};
/* End PBXNativeTarget section */

/* Begin PBXProject section */
		5C223DCEE389FACBC081952A /* Project object */ = {
			isa = PBXProject;
			attributes = {
				ORGANIZATIONNAME = __eSAWProducts__;
			};
			buildConfigurationList = 5C223210049DB701AA0CDFC1 /* Build configuration list for PBXProject "Everyday" */;
			compatibilityVersion = "Xcode 3.2";
			developmentRegion = English;
			hasScannedForEncodings = 0;
			knownRegions = (
				en,
				Base,
			);
			mainGroup = 5C223B41BE1A8493062B4A35;
			productRefGroup = 5C2231F11F47D1F8FEA1F797 /* Products */;
			projectDirPath = "";
			projectRoot = "";
			targets = (
				5C223B0F1F224D8324759D86 /* Everyday */,
				5C223691EC716656F8FB1638 /* EverydayTests */,
			);
		};
/* End PBXProject section */

/* Begin PBXResourcesBuildPhase section */
		5C223CCEBF55BA37216CA4A7 /* Resources */ = {
			isa = PBXResourcesBuildPhase;
			buildActionMask = 2147483647;
			files = (
				5C2233B253FC3E60236C6194 /* Images.xcassets in Resources */,
				5C223B8C5647885DD4D52CDB /* LaunchScreen.xib in Resources */,
			);
			runOnlyForDeploymentPostprocessing = 0;
		};
		5C223F6A85FA1010FFE02B0D /* Resources */ = {
			isa = PBXResourcesBuildPhase;
			buildActionMask = 2147483647;
			files = (
			);
			runOnlyForDeploymentPostprocessing = 0;
		};
/* End PBXResourcesBuildPhase section */

/* Begin PBXShellScriptBuildPhase section */
		C8B13BD93F981769758BF3AC /* Copy Pods Resources */ = {
			isa = PBXShellScriptBuildPhase;
			buildActionMask = 2147483647;
			files = (
			);
			inputPaths = (
			);
			name = "Copy Pods Resources";
			outputPaths = (
			);
			runOnlyForDeploymentPostprocessing = 0;
			shellPath = /bin/sh;
			shellScript = "\"${SRCROOT}/Pods/Target Support Files/Pods/Pods-resources.sh\"\n";
			showEnvVarsInLog = 0;
		};
		EB2B5A01578A4672CB9B392B /* Check Pods Manifest.lock */ = {
			isa = PBXShellScriptBuildPhase;
			buildActionMask = 2147483647;
			files = (
			);
			inputPaths = (
			);
			name = "Check Pods Manifest.lock";
			outputPaths = (
			);
			runOnlyForDeploymentPostprocessing = 0;
			shellPath = /bin/sh;
			shellScript = "diff \"${PODS_ROOT}/../Podfile.lock\" \"${PODS_ROOT}/Manifest.lock\" > /dev/null\nif [[ $? != 0 ]] ; then\n    cat << EOM\nerror: The sandbox is not in sync with the Podfile.lock. Run 'pod install' or update your CocoaPods installation.\nEOM\n    exit 1\nfi\n";
			showEnvVarsInLog = 0;
		};
/* End PBXShellScriptBuildPhase section */

/* Begin PBXSourcesBuildPhase section */
		5C2233912873D2F4AD6CB02A /* Sources */ = {
			isa = PBXSourcesBuildPhase;
			buildActionMask = 2147483647;
			files = (
				5C223BB48E39CCC81278073E /* main.m in Sources */,
				5C223E68A02FC0F34ACAF590 /* AppDelegate.m in Sources */,
				5C223CBA5F64B9DE3E827E27 /* TasksViewController.m in Sources */,
				5C22398CE30FEA1EA5274EFF /* TasksTableViewDataSource.m in Sources */,
				5C2235AF71B6B5E41552454B /* TasksOrganizerViewController.m in Sources */,
				5C223FCB1B74161C94078801 /* TasksOrganizerTableViewDataSource.m in Sources */,
				5C223A2DAE23DBE0D0CEF32E /* Task.m in Sources */,
				5C2235F4513F23CCF1939FC2 /* DataSwiperView.m in Sources */,
				5C22322C2F650157A4B82A02 /* TasksDataSource.m in Sources */,
				5C22306C7386D1FEFD6FDBD3 /* FileChecker.m in Sources */,
				3FF33AB05A211314B177BDD8 /* TasksPageViewController.m in Sources */,
				3FF33CDA22FA0EE0397A46AD /* TasksTableView.m in Sources */,
				3FF33B273E34382C9E808DED /* StatisticsViewController.m in Sources */,
				3FF336C3420710731128ACA8 /* TasksSaver.m in Sources */,
				3FF337D68DEC2F3F03A53983 /* TasksLoader.m in Sources */,
				3FF33528D0EF6DCC705C40BA /* NSDate+StringFormatter.m in Sources */,
			);
			runOnlyForDeploymentPostprocessing = 0;
		};
		5C22388C871F1A064FE4F0FE /* Sources */ = {
			isa = PBXSourcesBuildPhase;
			buildActionMask = 2147483647;
			files = (
				5C22313A4E0180B24D36D130 /* EverydayTests.m in Sources */,
			);
			runOnlyForDeploymentPostprocessing = 0;
		};
/* End PBXSourcesBuildPhase section */

/* Begin PBXTargetDependency section */
		5C223C353FC9F51862534302 /* PBXTargetDependency */ = {
			isa = PBXTargetDependency;
			target = 5C223B0F1F224D8324759D86 /* Everyday */;
			targetProxy = 5C223843871F9FFDB0D4885F /* PBXContainerItemProxy */;
		};
/* End PBXTargetDependency section */

/* Begin PBXVariantGroup section */
		5C2234FC77C14AA77EFDA9B5 /* LaunchScreen.xib */ = {
			isa = PBXVariantGroup;
			children = (
				5C223DDDE029AB5A370E5A20 /* Base */,
			);
			name = LaunchScreen.xib;
			sourceTree = "<group>";
		};
/* End PBXVariantGroup section */

/* Begin XCBuildConfiguration section */
		5C22349A6DA3F28BDEFF1B4F /* Release */ = {
			isa = XCBuildConfiguration;
			buildSettings = {
				ALWAYS_SEARCH_USER_PATHS = NO;
				CLANG_CXX_LANGUAGE_STANDARD = "gnu++0x";
				CLANG_CXX_LIBRARY = "libc++";
				CLANG_ENABLE_MODULES = YES;
				CLANG_ENABLE_OBJC_ARC = YES;
				CLANG_WARN_BOOL_CONVERSION = YES;
				CLANG_WARN_CONSTANT_CONVERSION = YES;
				CLANG_WARN_DIRECT_OBJC_ISA_USAGE = YES_ERROR;
				CLANG_WARN_EMPTY_BODY = YES;
				CLANG_WARN_ENUM_CONVERSION = YES;
				CLANG_WARN_INT_CONVERSION = YES;
				CLANG_WARN_OBJC_ROOT_CLASS = YES_ERROR;
				CLANG_WARN_UNREACHABLE_CODE = YES;
				CLANG_WARN__DUPLICATE_METHOD_MATCH = YES;
				"CODE_SIGN_IDENTITY[sdk=iphoneos*]" = "iPhone Developer";
				COPY_PHASE_STRIP = YES;
				ENABLE_NS_ASSERTIONS = NO;
				ENABLE_STRICT_OBJC_MSGSEND = YES;
				GCC_C_LANGUAGE_STANDARD = gnu99;
				GCC_WARN_64_TO_32_BIT_CONVERSION = YES;
				GCC_WARN_ABOUT_RETURN_TYPE = YES_ERROR;
				GCC_WARN_UNDECLARED_SELECTOR = YES;
				GCC_WARN_UNINITIALIZED_AUTOS = YES_AGGRESSIVE;
				GCC_WARN_UNUSED_FUNCTION = YES;
				GCC_WARN_UNUSED_VARIABLE = YES;
				IPHONEOS_DEPLOYMENT_TARGET = 8.1;
				MTL_ENABLE_DEBUG_INFO = NO;
				SDKROOT = iphoneos;
				VALIDATE_PRODUCT = YES;
			};
			name = Release;
		};
		5C2235A83048980BDB920886 /* Debug */ = {
			isa = XCBuildConfiguration;
			buildSettings = {
				BUNDLE_LOADER = "$(BUILT_PRODUCTS_DIR)/Everyday.app/Everyday";
				FRAMEWORK_SEARCH_PATHS = (
					"$(SDKROOT)/Developer/Library/Frameworks",
					"$(inherited)",
				);
				INFOPLIST_FILE = EverydayTests/Info.plist;
				LD_RUNPATH_SEARCH_PATHS = "$(inherited) @executable_path/Frameworks @loader_path/Frameworks";
				PRODUCT_NAME = "$(TARGET_NAME)";
				TEST_HOST = "$(BUNDLE_LOADER)";
			};
			name = Debug;
		};
		5C22375DB6D48C4273765015 /* Release */ = {
			isa = XCBuildConfiguration;
			baseConfigurationReference = 05184D36192553B0F54C09AA /* Pods.release.xcconfig */;
			buildSettings = {
				ASSETCATALOG_COMPILER_APPICON_NAME = AppIcon;
				CODE_SIGN_IDENTITY = "iPhone Developer";
				INFOPLIST_FILE = Everyday/Info.plist;
				LD_RUNPATH_SEARCH_PATHS = "$(inherited) @executable_path/Frameworks";
				PRODUCT_NAME = "$(TARGET_NAME)";
				TARGETED_DEVICE_FAMILY = 1;
				USER_HEADER_SEARCH_PATHS = "\"${PROJECT_DIR}/Pods\"/**";
			};
			name = Release;
		};
		5C223A436EC93B7095AC0850 /* Debug */ = {
			isa = XCBuildConfiguration;
			baseConfigurationReference = DAC557CF7C4576A6B4C16DAD /* Pods.debug.xcconfig */;
			buildSettings = {
				ASSETCATALOG_COMPILER_APPICON_NAME = AppIcon;
				CODE_SIGN_IDENTITY = "iPhone Developer";
				INFOPLIST_FILE = Everyday/Info.plist;
				LD_RUNPATH_SEARCH_PATHS = "$(inherited) @executable_path/Frameworks";
				PRODUCT_NAME = "$(TARGET_NAME)";
				TARGETED_DEVICE_FAMILY = 1;
				USER_HEADER_SEARCH_PATHS = "\"${PROJECT_DIR}/Pods\"/**";
			};
			name = Debug;
		};
		5C223CA761CEE529B7F2FBB1 /* Debug */ = {
			isa = XCBuildConfiguration;
			buildSettings = {
				ALWAYS_SEARCH_USER_PATHS = NO;
				CLANG_CXX_LANGUAGE_STANDARD = "gnu++0x";
				CLANG_CXX_LIBRARY = "libc++";
				CLANG_ENABLE_MODULES = YES;
				CLANG_ENABLE_OBJC_ARC = YES;
				CLANG_WARN_BOOL_CONVERSION = YES;
				CLANG_WARN_CONSTANT_CONVERSION = YES;
				CLANG_WARN_DIRECT_OBJC_ISA_USAGE = YES_ERROR;
				CLANG_WARN_EMPTY_BODY = YES;
				CLANG_WARN_ENUM_CONVERSION = YES;
				CLANG_WARN_INT_CONVERSION = YES;
				CLANG_WARN_OBJC_ROOT_CLASS = YES_ERROR;
				CLANG_WARN_UNREACHABLE_CODE = YES;
				CLANG_WARN__DUPLICATE_METHOD_MATCH = YES;
				"CODE_SIGN_IDENTITY[sdk=iphoneos*]" = "iPhone Developer";
				COPY_PHASE_STRIP = NO;
				ENABLE_STRICT_OBJC_MSGSEND = YES;
				GCC_C_LANGUAGE_STANDARD = gnu99;
				GCC_DYNAMIC_NO_PIC = NO;
				GCC_OPTIMIZATION_LEVEL = 0;
				GCC_PREPROCESSOR_DEFINITIONS = (
					"DEBUG=1",
					"$(inherited)",
				);
				GCC_SYMBOLS_PRIVATE_EXTERN = NO;
				GCC_WARN_64_TO_32_BIT_CONVERSION = YES;
				GCC_WARN_ABOUT_RETURN_TYPE = YES_ERROR;
				GCC_WARN_UNDECLARED_SELECTOR = YES;
				GCC_WARN_UNINITIALIZED_AUTOS = YES_AGGRESSIVE;
				GCC_WARN_UNUSED_FUNCTION = YES;
				GCC_WARN_UNUSED_VARIABLE = YES;
				IPHONEOS_DEPLOYMENT_TARGET = 8.1;
				MTL_ENABLE_DEBUG_INFO = YES;
				ONLY_ACTIVE_ARCH = YES;
				SDKROOT = iphoneos;
			};
			name = Debug;
		};
		5C223CB61E54C3ECD5A7A799 /* Release */ = {
			isa = XCBuildConfiguration;
			buildSettings = {
				BUNDLE_LOADER = "$(BUILT_PRODUCTS_DIR)/Everyday.app/Everyday";
				FRAMEWORK_SEARCH_PATHS = (
					"$(SDKROOT)/Developer/Library/Frameworks",
					"$(inherited)",
				);
				INFOPLIST_FILE = EverydayTests/Info.plist;
				LD_RUNPATH_SEARCH_PATHS = "$(inherited) @executable_path/Frameworks @loader_path/Frameworks";
				PRODUCT_NAME = "$(TARGET_NAME)";
				TEST_HOST = "$(BUNDLE_LOADER)";
			};
			name = Release;
		};
/* End XCBuildConfiguration section */

/* Begin XCConfigurationList section */
		5C223210049DB701AA0CDFC1 /* Build configuration list for PBXProject "Everyday" */ = {
			isa = XCConfigurationList;
			buildConfigurations = (
				5C223CA761CEE529B7F2FBB1 /* Debug */,
				5C22349A6DA3F28BDEFF1B4F /* Release */,
			);
			defaultConfigurationIsVisible = 0;
			defaultConfigurationName = Release;
		};
		5C22396B2600776130DBE60D /* Build configuration list for PBXNativeTarget "Everyday" */ = {
			isa = XCConfigurationList;
			buildConfigurations = (
				5C223A436EC93B7095AC0850 /* Debug */,
				5C22375DB6D48C4273765015 /* Release */,
			);
			defaultConfigurationIsVisible = 0;
			defaultConfigurationName = Release;
		};
		5C2239A46362CA238053607F /* Build configuration list for PBXNativeTarget "EverydayTests" */ = {
			isa = XCConfigurationList;
			buildConfigurations = (
				5C2235A83048980BDB920886 /* Debug */,
				5C223CB61E54C3ECD5A7A799 /* Release */,
			);
			defaultConfigurationIsVisible = 0;
			defaultConfigurationName = Release;
		};
/* End XCConfigurationList section */
	};
	rootObject = 5C223DCEE389FACBC081952A /* Project object */;
}
